
Microsoft Visual Studio Solution File, Format Version 12.00
# Visual Studio Version 17
VisualStudioVersion = 17.5.33414.496
MinimumVisualStudioVersion = 10.0.40219.1
Project("{FAE04EC0-301F-11D3-BF4B-00C04F79EFBC}") = "D14_1_1_Länder", "D14_1_1_Länder.csproj", "{DA0BE025-5E96-43F1-8D44-3766937D080F}"
EndProject
Global
	GlobalSection(SolutionConfigurationPlatforms) = preSolution
		Debug|Any CPU = Debug|Any CPU
		Release|Any CPU = Release|Any CPU
	EndGlobalSection
	GlobalSection(ProjectConfigurationPlatforms) = postSolution
		{DA0BE025-5E96-43F1-8D44-3766937D080F}.Debug|Any CPU.ActiveCfg = Debug|Any CPU
		{DA0BE025-5E96-43F1-8D44-3766937D080F}.Debug|Any CPU.Build.0 = Debug|Any CPU
		{DA0BE025-5E96-43F1-8D44-3766937D080F}.Release|Any CPU.ActiveCfg = Release|Any CPU
		{DA0BE025-5E96-43F1-8D44-3766937D080F}.Release|Any CPU.Build.0 = Release|Any CPU
	EndGlobalSection
	GlobalSection(SolutionProperties) = preSolution
		HideSolutionNode = FALSE
	EndGlobalSection
	GlobalSection(ExtensibilityGlobals) = postSolution
		SolutionGuid = {B791C52A-1D49-4F28-A01E-3AA48A2944FB}
	EndGlobalSection
EndGlobal
